
Microsoft Visual Studio Solution File, Format Version 12.00
# Visual Studio Version 17
VisualStudioVersion = 17.14.36915.13 d17.14
MinimumVisualStudioVersion = 10.0.40219.1
Project("{FAE04EC0-301F-11D3-BF4B-00C04F79EFBC}") = "CybersecurityAwarenessBot", "CybersecurityAwarenessBot\CybersecurityAwarenessBot.csproj", "{0481F1BE-968C-4F7C-9AFC-89F2539FB67F}"
EndProject
Global
	GlobalSection(SolutionConfigurationPlatforms) = preSolution
		Debug|Any CPU = Debug|Any CPU
		Release|Any CPU = Release|Any CPU
	EndGlobalSection
	GlobalSection(ProjectConfigurationPlatforms) = postSolution
		{0481F1BE-968C-4F7C-9AFC-89F2539FB67F}.Debug|Any CPU.ActiveCfg = Debug|Any CPU
		{0481F1BE-968C-4F7C-9AFC-89F2539FB67F}.Debug|Any CPU.Build.0 = Debug|Any CPU
		{0481F1BE-968C-4F7C-9AFC-89F2539FB67F}.Release|Any CPU.ActiveCfg = Release|Any CPU
		{0481F1BE-968C-4F7C-9AFC-89F2539FB67F}.Release|Any CPU.Build.0 = Release|Any CPU
	EndGlobalSection
	GlobalSection(SolutionProperties) = preSolution
		HideSolutionNode = FALSE
	EndGlobalSection
	GlobalSection(ExtensibilityGlobals) = postSolution
		SolutionGuid = {FF73C84A-7C8D-45B6-8A0F-E9BB4B5FCDC0}
	EndGlobalSection
EndGlobal
